
Microsoft Visual Studio Solution File, Format Version 10.00
# Visual Studio 2008
Project("{FAE04EC0-301F-11D3-BF4B-00C04F79EFBC}") = "FindVSOrphanedItems", "FindVSOrphanedItems\FindVSOrphanedItems.csproj", "{24331136-A9C2-4F86-BD86-CE0EE3F4C836}"
EndProject
Project("{54435603-DBB4-11D2-8724-00A0C9A8B90C}") = "Setup", "Setup\Setup.vdproj", "{C06E8673-D26B-405D-960B-84C45041F326}"
EndProject
Global
	GlobalSection(SolutionConfigurationPlatforms) = preSolution
		Debug|Any CPU = Debug|Any CPU
		Release|Any CPU = Release|Any CPU
	EndGlobalSection
	GlobalSection(ProjectConfigurationPlatforms) = postSolution
		{24331136-A9C2-4F86-BD86-CE0EE3F4C836}.Debug|Any CPU.ActiveCfg = Debug|Any CPU
		{24331136-A9C2-4F86-BD86-CE0EE3F4C836}.Debug|Any CPU.Build.0 = Debug|Any CPU
		{24331136-A9C2-4F86-BD86-CE0EE3F4C836}.Release|Any CPU.ActiveCfg = Release|Any CPU
		{24331136-A9C2-4F86-BD86-CE0EE3F4C836}.Release|Any CPU.Build.0 = Release|Any CPU
		{C06E8673-D26B-405D-960B-84C45041F326}.Debug|Any CPU.ActiveCfg = Debug
		{C06E8673-D26B-405D-960B-84C45041F326}.Debug|Any CPU.Build.0 = Debug
		{C06E8673-D26B-405D-960B-84C45041F326}.Release|Any CPU.ActiveCfg = Release
		{C06E8673-D26B-405D-960B-84C45041F326}.Release|Any CPU.Build.0 = Release
	EndGlobalSection
	GlobalSection(SolutionProperties) = preSolution
		HideSolutionNode = FALSE
	EndGlobalSection
EndGlobal
